
Microsoft Visual Studio Solution File, Format Version 12.00
# Visual Studio Version 16
VisualStudioVersion = 16.0.29201.188
MinimumVisualStudioVersion = 10.0.40219.1
Project("{FAE04EC0-301F-11D3-BF4B-00C04F79EFBC}") = "Portalclientes1", "Portalclientes1\Portalclientes1.csproj", "{8CF04E67-6EAC-4DB0-BF1D-BCFCB5F8B013}"
EndProject
Project("{FAE04EC0-301F-11D3-BF4B-00C04F79EFBC}") = "DataAccess", "DataAccess\DataAccess.csproj", "{FF70E19B-6D62-4FBA-B5B5-38F53D92BE13}"
EndProject
Project("{FAE04EC0-301F-11D3-BF4B-00C04F79EFBC}") = "PortalProductos", "PortalProductos\PortalProductos.csproj", "{14DFBD6D-DC0C-405C-A38B-D9CF216196F5}"
EndProject
Project("{FAE04EC0-301F-11D3-BF4B-00C04F79EFBC}") = "PortalWeb", "PortalWeb\PortalWeb.csproj", "{2155D3CA-B18F-4C0A-BC55-CF2BB9A97BF7}"
EndProject
Global
	GlobalSection(SolutionConfigurationPlatforms) = preSolution
		Debug|Any CPU = Debug|Any CPU
		Release|Any CPU = Release|Any CPU
	EndGlobalSection
	GlobalSection(ProjectConfigurationPlatforms) = postSolution
		{8CF04E67-6EAC-4DB0-BF1D-BCFCB5F8B013}.Debug|Any CPU.ActiveCfg = Debug|Any CPU
		{8CF04E67-6EAC-4DB0-BF1D-BCFCB5F8B013}.Debug|Any CPU.Build.0 = Debug|Any CPU
		{8CF04E67-6EAC-4DB0-BF1D-BCFCB5F8B013}.Release|Any CPU.ActiveCfg = Release|Any CPU
		{8CF04E67-6EAC-4DB0-BF1D-BCFCB5F8B013}.Release|Any CPU.Build.0 = Release|Any CPU
		{FF70E19B-6D62-4FBA-B5B5-38F53D92BE13}.Debug|Any CPU.ActiveCfg = Debug|Any CPU
		{FF70E19B-6D62-4FBA-B5B5-38F53D92BE13}.Debug|Any CPU.Build.0 = Debug|Any CPU
		{FF70E19B-6D62-4FBA-B5B5-38F53D92BE13}.Release|Any CPU.ActiveCfg = Release|Any CPU
		{FF70E19B-6D62-4FBA-B5B5-38F53D92BE13}.Release|Any CPU.Build.0 = Release|Any CPU
		{14DFBD6D-DC0C-405C-A38B-D9CF216196F5}.Debug|Any CPU.ActiveCfg = Debug|Any CPU
		{14DFBD6D-DC0C-405C-A38B-D9CF216196F5}.Debug|Any CPU.Build.0 = Debug|Any CPU
		{14DFBD6D-DC0C-405C-A38B-D9CF216196F5}.Release|Any CPU.ActiveCfg = Release|Any CPU
		{14DFBD6D-DC0C-405C-A38B-D9CF216196F5}.Release|Any CPU.Build.0 = Release|Any CPU
		{2155D3CA-B18F-4C0A-BC55-CF2BB9A97BF7}.Debug|Any CPU.ActiveCfg = Debug|Any CPU
		{2155D3CA-B18F-4C0A-BC55-CF2BB9A97BF7}.Debug|Any CPU.Build.0 = Debug|Any CPU
		{2155D3CA-B18F-4C0A-BC55-CF2BB9A97BF7}.Release|Any CPU.ActiveCfg = Release|Any CPU
		{2155D3CA-B18F-4C0A-BC55-CF2BB9A97BF7}.Release|Any CPU.Build.0 = Release|Any CPU
	EndGlobalSection
	GlobalSection(SolutionProperties) = preSolution
		HideSolutionNode = FALSE
	EndGlobalSection
	GlobalSection(ExtensibilityGlobals) = postSolution
		SolutionGuid = {52F9CEB8-801E-4279-B923-B55C856A8FE8}
	EndGlobalSection
EndGlobal
